
Microsoft Visual Studio Solution File, Format Version 12.00
# Visual Studio Version 16
VisualStudioVersion = 16.0.30717.126
MinimumVisualStudioVersion = 10.0.40219.1
Project("{FAE04EC0-301F-11D3-BF4B-00C04F79EFBC}") = "myStore", "myStore\myStore.csproj", "{A29EC4A5-9D85-4709-9FC0-202D8C5F22A3}"
EndProject
Global
	GlobalSection(SolutionConfigurationPlatforms) = preSolution
		Debug|Any CPU = Debug|Any CPU
		Release|Any CPU = Release|Any CPU
	EndGlobalSection
	GlobalSection(ProjectConfigurationPlatforms) = postSolution
		{A29EC4A5-9D85-4709-9FC0-202D8C5F22A3}.Debug|Any CPU.ActiveCfg = Debug|Any CPU
		{A29EC4A5-9D85-4709-9FC0-202D8C5F22A3}.Debug|Any CPU.Build.0 = Debug|Any CPU
		{A29EC4A5-9D85-4709-9FC0-202D8C5F22A3}.Release|Any CPU.ActiveCfg = Release|Any CPU
		{A29EC4A5-9D85-4709-9FC0-202D8C5F22A3}.Release|Any CPU.Build.0 = Release|Any CPU
	EndGlobalSection
	GlobalSection(SolutionProperties) = preSolution
		HideSolutionNode = FALSE
	EndGlobalSection
	GlobalSection(ExtensibilityGlobals) = postSolution
		SolutionGuid = {C97C2821-8E44-4F0E-BB1E-3967A0DD8648}
	EndGlobalSection
EndGlobal
